lockfileVersion: '9.0'

settings:
  autoInstallPeers: true
  excludeLinksFromLockfile: false

importers:

  .:
    dependencies:
      '@solana-program/compute-budget':
        specifier: ^0.13.0
        version: 0.13.0(@solana/kit@6.0.1(fastestsmallesttextencoderdecoder@1.0.22)(typescript@5.9.2))
      '@solana-program/memo':
        specifier: ^0.11.0
        version: 0.11.0(@solana/kit@6.0.1(fastestsmallesttextencoderdecoder@1.0.22)(typescript@5.9.2))
      '@solana-program/system':
        specifier: ^0.11.0
        version: 0.11.0(@solana/kit@6.0.1(fastestsmallesttextencoderdecoder@1.0.22)(typescript@5.9.2))
      '@solana-program/token':
        specifier: ^0.10.0
        version: 0.10.0(@solana/kit@6.0.1(fastestsmallesttextencoderdecoder@1.0.22)(typescript@5.9.2))
      '@solana/assertions':
        specifier: ^6.0.0
        version: 6.0.1(typescript@5.9.2)
      '@solana/kit':
        specifier: ^6.0.0
        version: 6.0.1(fastestsmallesttextencoderdecoder@1.0.22)(typescript@5.9.2)
      '@solana/kora':
        specifier: ^0.1.2
        version: 0.1.2(@solana-program/token@0.10.0(@solana/kit@6.0.1(fastestsmallesttextencoderdecoder@1.0.22)(typescript@5.9.2)))(@solana/kit@6.0.1(fastestsmallesttextencoderdecoder@1.0.22)(typescript@5.9.2))
      '@solana/transaction-confirmation':
        specifier: ^6.0.0
        version: 6.0.1(fastestsmallesttextencoderdecoder@1.0.22)(typescript@5.9.2)
      dotenv:
        specifier: ^17.2.0
        version: 17.2.1
    devDependencies:
      '@types/node':
        specifier: ^24.0.13
        version: 24.2.1
      tsx:
        specifier: ^4.20.5
        version: 4.20.5
      typescript:
        specifier: ^5.8.3
        version: 5.9.2

packages:

  '@esbuild/aix-ppc64@0.25.9':
    resolution: {integrity: sha512-OaGtL73Jck6pBKjNIe24BnFE6agGl+6KxDtTfHhy1HmhthfKouEcOhqpSL64K4/0WCtbKFLOdzD/44cJ4k9opA==}
    engines: {node: '>=18'}
    cpu: [ppc64]
    os: [aix]

  '@esbuild/android-arm64@0.25.9':
    resolution: {integrity: sha512-IDrddSmpSv51ftWslJMvl3Q2ZT98fUSL2/rlUXuVqRXHCs5EUF1/f+jbjF5+NG9UffUDMCiTyh8iec7u8RlTLg==}
    engines: {node: '>=18'}
    cpu: [arm64]
    os: [android]

  '@esbuild/android-arm@0.25.9':
    resolution: {integrity: sha512-5WNI1DaMtxQ7t7B6xa572XMXpHAaI/9Hnhk8lcxF4zVN4xstUgTlvuGDorBguKEnZO70qwEcLpfifMLoxiPqHQ==}
    engines: {node: '>=18'}
    cpu: [arm]
    os: [android]

  '@esbuild/android-x64@0.25.9':
    resolution: {integrity: sha512-I853iMZ1hWZdNllhVZKm34f4wErd4lMyeV7BLzEExGEIZYsOzqDWDf+y082izYUE8gtJnYHdeDpN/6tUdwvfiw==}
    engines: {node: '>=18'}
    cpu: [x64]
    os: [android]

  '@esbuild/darwin-arm64@0.25.9':
    resolution: {integrity: sha512-XIpIDMAjOELi/9PB30vEbVMs3GV1v2zkkPnuyRRURbhqjyzIINwj+nbQATh4H9GxUgH1kFsEyQMxwiLFKUS6Rg==}
    engines: {node: '>=18'}
    cpu: [arm64]
    os: [darwin]

  '@esbuild/darwin-x64@0.25.9':
    resolution: {integrity: sha512-jhHfBzjYTA1IQu8VyrjCX4ApJDnH+ez+IYVEoJHeqJm9VhG9Dh2BYaJritkYK3vMaXrf7Ogr/0MQ8/MeIefsPQ==}
    engines: {node: '>=18'}
    cpu: [x64]
    os: [darwin]

  '@esbuild/freebsd-arm64@0.25.9':
    resolution: {integrity: sha512-z93DmbnY6fX9+KdD4Ue/H6sYs+bhFQJNCPZsi4XWJoYblUqT06MQUdBCpcSfuiN72AbqeBFu5LVQTjfXDE2A6Q==}
    engines: {node: '>=18'}
    cpu: [arm64]
    os: [freebsd]

  '@esbuild/freebsd-x64@0.25.9':
    resolution: {integrity: sha512-mrKX6H/vOyo5v71YfXWJxLVxgy1kyt1MQaD8wZJgJfG4gq4DpQGpgTB74e5yBeQdyMTbgxp0YtNj7NuHN0PoZg==}
    engines: {node: '>=18'}
    cpu: [x64]
    os: [freebsd]

  '@esbuild/linux-arm64@0.25.9':
    resolution: {integrity: sha512-BlB7bIcLT3G26urh5Dmse7fiLmLXnRlopw4s8DalgZ8ef79Jj4aUcYbk90g8iCa2467HX8SAIidbL7gsqXHdRw==}
    engines: {node: '>=18'}
    cpu: [arm64]
    os: [linux]

  '@esbuild/linux-arm@0.25.9':
    resolution: {integrity: sha512-HBU2Xv78SMgaydBmdor38lg8YDnFKSARg1Q6AT0/y2ezUAKiZvc211RDFHlEZRFNRVhcMamiToo7bDx3VEOYQw==}
    engines: {node: '>=18'}
    cpu: [arm]
    os: [linux]

  '@esbuild/linux-ia32@0.25.9':
    resolution: {integrity: sha512-e7S3MOJPZGp2QW6AK6+Ly81rC7oOSerQ+P8L0ta4FhVi+/j/v2yZzx5CqqDaWjtPFfYz21Vi1S0auHrap3Ma3A==}
    engines: {node: '>=18'}
    cpu: [ia32]
    os: [linux]

  '@esbuild/linux-loong64@0.25.9':
    resolution: {integrity: sha512-Sbe10Bnn0oUAB2AalYztvGcK+o6YFFA/9829PhOCUS9vkJElXGdphz0A3DbMdP8gmKkqPmPcMJmJOrI3VYB1JQ==}
    engines: {node: '>=18'}
    cpu: [loong64]
    os: [linux]

  '@esbuild/linux-mips64el@0.25.9':
    resolution: {integrity: sha512-YcM5br0mVyZw2jcQeLIkhWtKPeVfAerES5PvOzaDxVtIyZ2NUBZKNLjC5z3/fUlDgT6w89VsxP2qzNipOaaDyA==}
    engines: {node: '>=18'}
    cpu: [mips64el]
    os: [linux]

  '@esbuild/linux-ppc64@0.25.9':
    resolution: {integrity: sha512-++0HQvasdo20JytyDpFvQtNrEsAgNG2CY1CLMwGXfFTKGBGQT3bOeLSYE2l1fYdvML5KUuwn9Z8L1EWe2tzs1w==}
    engines: {node: '>=18'}
    cpu: [ppc64]
    os: [linux]

  '@esbuild/linux-riscv64@0.25.9':
    resolution: {integrity: sha512-uNIBa279Y3fkjV+2cUjx36xkx7eSjb8IvnL01eXUKXez/CBHNRw5ekCGMPM0BcmqBxBcdgUWuUXmVWwm4CH9kg==}
    engines: {node: '>=18'}
    cpu: [riscv64]
    os: [linux]

  '@esbuild/linux-s390x@0.25.9':
    resolution: {integrity: sha512-Mfiphvp3MjC/lctb+7D287Xw1DGzqJPb/J2aHHcHxflUo+8tmN/6d4k6I2yFR7BVo5/g7x2Monq4+Yew0EHRIA==}
    engines: {node: '>=18'}
    cpu: [s390x]
    os: [linux]

  '@esbuild/linux-x64@0.25.9':
    resolution: {integrity: sha512-iSwByxzRe48YVkmpbgoxVzn76BXjlYFXC7NvLYq+b+kDjyyk30J0JY47DIn8z1MO3K0oSl9fZoRmZPQI4Hklzg==}
    engines: {node: '>=18'}
    cpu: [x64]
    os: [linux]

  '@esbuild/netbsd-arm64@0.25.9':
    resolution: {integrity: sha512-9jNJl6FqaUG+COdQMjSCGW4QiMHH88xWbvZ+kRVblZsWrkXlABuGdFJ1E9L7HK+T0Yqd4akKNa/lO0+jDxQD4Q==}
    engines: {node: '>=18'}
    cpu: [arm64]
    os: [netbsd]

  '@esbuild/netbsd-x64@0.25.9':
    resolution: {integrity: sha512-RLLdkflmqRG8KanPGOU7Rpg829ZHu8nFy5Pqdi9U01VYtG9Y0zOG6Vr2z4/S+/3zIyOxiK6cCeYNWOFR9QP87g==}
    engines: {node: '>=18'}
    cpu: [x64]
    os: [netbsd]

  '@esbuild/openbsd-arm64@0.25.9':
    resolution: {integrity: sha512-YaFBlPGeDasft5IIM+CQAhJAqS3St3nJzDEgsgFixcfZeyGPCd6eJBWzke5piZuZ7CtL656eOSYKk4Ls2C0FRQ==}
    engines: {node: '>=18'}
    cpu: [arm64]
    os: [openbsd]

  '@esbuild/openbsd-x64@0.25.9':
    resolution: {integrity: sha512-1MkgTCuvMGWuqVtAvkpkXFmtL8XhWy+j4jaSO2wxfJtilVCi0ZE37b8uOdMItIHz4I6z1bWWtEX4CJwcKYLcuA==}
    engines: {node: '>=18'}
    cpu: [x64]
    os: [openbsd]

  '@esbuild/openharmony-arm64@0.25.9':
    resolution: {integrity: sha512-4Xd0xNiMVXKh6Fa7HEJQbrpP3m3DDn43jKxMjxLLRjWnRsfxjORYJlXPO4JNcXtOyfajXorRKY9NkOpTHptErg==}
    engines: {node: '>=18'}
    cpu: [arm64]
    os: [openharmony]

  '@esbuild/sunos-x64@0.25.9':
    resolution: {integrity: sha512-WjH4s6hzo00nNezhp3wFIAfmGZ8U7KtrJNlFMRKxiI9mxEK1scOMAaa9i4crUtu+tBr+0IN6JCuAcSBJZfnphw==}
    engines: {node: '>=18'}
    cpu: [x64]
    os: [sunos]

  '@esbuild/win32-arm64@0.25.9':
    resolution: {integrity: sha512-mGFrVJHmZiRqmP8xFOc6b84/7xa5y5YvR1x8djzXpJBSv/UsNK6aqec+6JDjConTgvvQefdGhFDAs2DLAds6gQ==}
    engines: {node: '>=18'}
    cpu: [arm64]
    os: [win32]

  '@esbuild/win32-ia32@0.25.9':
    resolution: {integrity: sha512-b33gLVU2k11nVx1OhX3C8QQP6UHQK4ZtN56oFWvVXvz2VkDoe6fbG8TOgHFxEvqeqohmRnIHe5A1+HADk4OQww==}
    engines: {node: '>=18'}
    cpu: [ia32]
    os: [win32]

  '@esbuild/win32-x64@0.25.9':
    resolution: {integrity: sha512-PPOl1mi6lpLNQxnGoyAfschAodRFYXJ+9fs6WHXz7CSWKbOqiMZsubC+BQsVKuul+3vKLuwTHsS2c2y9EoKwxQ==}
    engines: {node: '>=18'}
    cpu: [x64]
    os: [win32]

  '@solana-program/compute-budget@0.13.0':
    resolution: {integrity: sha512-jdiiWaxFG3kEf6bYPNo2mwz2jNxaj7sF+gZIb8wHw9zK3ZILmpkg4sUeChb1BnH2UGf+HgYb9L/lMdqOTqUoWA==}
    peerDependencies:
      '@solana/kit': ^6.0.0

  '@solana-program/memo@0.11.0':
    resolution: {integrity: sha512-/WVM2y76hL5zWJJwaHsbvMREeIUzhKDHU+ftMXTf4aLPJFDKG6am4X5RID3CHsI3oYNEMywgVvsFdnorwgEuwA==}
    peerDependencies:
      '@solana/kit': ^6.0.0

  '@solana-program/system@0.11.0':
    resolution: {integrity: sha512-SJeQVTkqGZzIXd7XHlCxnfpKpvPZghB1IFwddPPG04ydVXtDLRWp9wLoTR5Prkl9FIWRe/c5VgT4nxyzW1cAuQ==}
    peerDependencies:
      '@solana/kit': ^6.0.0

  '@solana-program/token@0.10.0':
    resolution: {integrity: sha512-6JhgF4tywgbzIBnbEFiSLpXe9ZimPzNheRQU7ksgD98Y4YCakcRI5VIAt2CUh/lTiLUOxGerW/oaK1QGF00FMw==}
    peerDependencies:
      '@solana/kit': ^6.0.0

  '@solana/accounts@6.0.1':
    resolution: {integrity: sha512-wdW2KI31jeAIyryL2hLytu+bmIbfKBPkO2Qsu7DO80m2pqOVVOGQ0L0wIqFdNXZN7Eu/FVTY8sh6gqF9bnf5LQ==}
    engines: {node: '>=20.18.0'}
    peerDependencies:
      typescript: ^5.0.0
    peerDependenciesMeta:
      typescript:
        optional: true

  '@solana/addresses@6.0.1':
    resolution: {integrity: sha512-i/7JuTZF1MInCulP8/+aK9khKcDgjTrqqEl3wRmg6Kk/Dq+rOBrjXggLf3bEtGSWV53iH0NGDQt+psUNFd5Reg==}
    engines: {node: '>=20.18.0'}
    peerDependencies:
      typescript: ^5.0.0
    peerDependenciesMeta:
      typescript:
        optional: true

  '@solana/assertions@6.0.1':
    resolution: {integrity: sha512-Fnk0PCxjeNLDrsRQX+DRS3HnN5PRYQedosmtqx0/xK2CIB4lG/4coK/IdoL6i8/yS4EcKq8gNcMfH4fkmaMfLQ==}
    engines: {node: '>=20.18.0'}
    peerDependencies:
      typescript: ^5.0.0
    peerDependenciesMeta:
      typescript:
        optional: true

  '@solana/codecs-core@6.0.1':
    resolution: {integrity: sha512-OnUQk94qfvfE0nVveZ638aNUL3tyRJoorUFiAG0ICTGUo3c6fkYb8vH23o/5O2qmuSmYND1sn+UCaldNMVkFpg==}
    engines: {node: '>=20.18.0'}
    peerDependencies:
      typescript: ^5.0.0
    peerDependenciesMeta:
      typescript:
        optional: true

  '@solana/codecs-data-structures@6.0.1':
    resolution: {integrity: sha512-ImPGi5wtpca0gLaD9dJGj29z6GMU8tCYjqnmTc5Lyh5S80iCz9wNlwT1/VvPM6gqeIOFVx8bM9H1iljQ7MuCMw==}
    engines: {node: '>=20.18.0'}
    peerDependencies:
      typescript: ^5.0.0
    peerDependenciesMeta:
      typescript:
        optional: true

  '@solana/codecs-numbers@6.0.1':
    resolution: {integrity: sha512-ZrI1NjUsf4I+Klue/2rlQbZLcGRom/G2E4VB/8x4IEHGOeFLQhXcxmnib8kdgomQRYOzF1BjVDmCYxvZr+6AWA==}
    engines: {node: '>=20.18.0'}
    peerDependencies:
      typescript: ^5.0.0
    peerDependenciesMeta:
      typescript:
        optional: true

  '@solana/codecs-strings@6.0.1':
    resolution: {integrity: sha512-OmMIfMFbbJVIxveBeATKCj9DsmZ8l4vJPnOLHUop0hLWRiYHTQ1qokMqfk/X8PCmUjXmbXnlp63BikGtdKN3/g==}
    engines: {node: '>=20.18.0'}
    peerDependencies:
      fastestsmallesttextencoderdecoder: ^1.0.22
      typescript: ^5.0.0
    peerDependenciesMeta:
      fastestsmallesttextencoderdecoder:
        optional: true
      typescript:
        optional: true

  '@solana/codecs@6.0.1':
    resolution: {integrity: sha512-xNL69WA50fCMItk3zXA7UMDHVMDyW9paL32wwxzL++sv7txfgma3UIAxP90tn9GBMwjPTB74hI6ook1mA2DhTQ==}
    engines: {node: '>=20.18.0'}
    peerDependencies:
      typescript: ^5.0.0
    peerDependenciesMeta:
      typescript:
        optional: true

  '@solana/errors@6.0.1':
    resolution: {integrity: sha512-sMe5GCsXto8F1KDeq9GbZR0+m841SqEYep3NAcYlC0lqF2RG4giaaPQHgrWI5DJR/L7yc8FzUIQfTxnaN7bwOQ==}
    engines: {node: '>=20.18.0'}
    hasBin: true
    peerDependencies:
      typescript: ^5.0.0
    peerDependenciesMeta:
      typescript:
        optional: true

  '@solana/fast-stable-stringify@6.0.1':
    resolution: {integrity: sha512-60F0TaKm+mbIfsj94TaPgO2mbKtXVYyELC1Kf8YoRo9jIQSXVGXdljXR1UzqSxrN6V4Ueyx3RE5jW9fAIzQZ/A==}
    engines: {node: '>=20.18.0'}
    peerDependencies:
      typescript: ^5.0.0
    peerDependenciesMeta:
      typescript:
        optional: true

  '@solana/functional@6.0.1':
    resolution: {integrity: sha512-qHPw87tCf4Kq4H9cpH6XV/C1wKJzSj0OQ8t+BqbFxvpX+c7svSRUY/It2gJOAcJd9f9hduQ3ZrqARXOU7aILvw==}
    engines: {node: '>=20.18.0'}
    peerDependencies:
      typescript: ^5.0.0
    peerDependenciesMeta:
      typescript:
        optional: true

  '@solana/instruction-plans@6.0.1':
    resolution: {integrity: sha512-aEwCfksUxVgcrOGnDJmmIp4phYn+DpOeS0fq7v3uteBu7T7lkwW+EJCu2iT1j1VLxcjDuPf243pNBp5GR13+yw==}
    engines: {node: '>=20.18.0'}
    peerDependencies:
      typescript: ^5.0.0
    peerDependenciesMeta:
      typescript:
        optional: true

  '@solana/instructions@6.0.1':
    resolution: {integrity: sha512-qNTc3GrmiesN2x27Ap8qhKKn9vIocz/1Dc/Am7hiYU4TFiKtuj34TARyDa5VVbLGKRY5vZCpNsX2jqVx2V0lSQ==}
    engines: {node: '>=20.18.0'}
    peerDependencies:
      typescript: ^5.0.0
    peerDependenciesMeta:
      typescript:
        optional: true

  '@solana/keys@6.0.1':
    resolution: {integrity: sha512-naN3yRzN2VDJUgdcrxwsObr2ik8MV2brOI/MLrOWDUW8nlVfcs4OC7mB/HC1hYd60DT0rsP18P33Gjd8juknYw==}
    engines: {node: '>=20.18.0'}
    peerDependencies:
      typescript: ^5.0.0
    peerDependenciesMeta:
      typescript:
        optional: true

  '@solana/kit@6.0.1':
    resolution: {integrity: sha512-zCU5URMgkCgL5hZOxjIzhAD7SjqVAJN4sbpyC4MatxbXE/NGoabPc4I2y5STrXsZLokQD0t4KZ1zs9v5M8Ylag==}
    engines: {node: '>=20.18.0'}
    peerDependencies:
      typescript: ^5.0.0
    peerDependenciesMeta:
      typescript:
        optional: true

  '@solana/kora@0.1.2':
    resolution: {integrity: sha512-m0W7mnbyy9z7Kin6ocUaV+Jitq1ZSkmtRPMyFyOexphZRyBh6aGr/s8CkJuaHLNTOVMh+PE4pFUA5ztr9QXwgw==}
    peerDependencies:
      '@solana-program/token': ^0.9.0
      '@solana/kit': ^5.0.0

  '@solana/nominal-types@6.0.1':
    resolution: {integrity: sha512-2/1loP3iHgLQIaeksrDPNL2be2zboKbsF2EKDAt7zqbiDCOsPY9Kgdq50WJGGileIXD0v7yincq6UTdOLcaR8Q==}
    engines: {node: '>=20.18.0'}
    peerDependencies:
      typescript: ^5.0.0
    peerDependenciesMeta:
      typescript:
        optional: true

  '@solana/offchain-messages@6.0.1':
    resolution: {integrity: sha512-lwpNl+kusH2v5nLgUfwxme66uDonCn8+TqzYqJeENolaAbV0nnF8rV4ZHjfFs1Bc/3UG+TxrI0WYvRI+B5nVBA==}
    engines: {node: '>=20.18.0'}
    peerDependencies:
      typescript: ^5.0.0
    peerDependenciesMeta:
      typescript:
        optional: true

  '@solana/options@6.0.1':
    resolution: {integrity: sha512-ld13WWyMgicU8FkN6dNOmMJgVaV0uqU8HDQRJCfClsPl0v2TQ1t3aOYHkxpYfX+OvBjja1x2v2wflqJgUHKS+Q==}
    engines: {node: '>=20.18.0'}
    peerDependencies:
      typescript: ^5.0.0
    peerDependenciesMeta:
      typescript:
        optional: true

  '@solana/plugin-core@6.0.1':
    resolution: {integrity: sha512-mrVb6cf/HurU93z2bgCOoRxWuZWF/fWzIK+v7YMl9t8aKHhGdB4/iElXvPwGoArapZJaAe7dRqHgCJvYRPFvCg==}
    engines: {node: '>=20.18.0'}
    peerDependencies:
      typescript: ^5.0.0
    peerDependenciesMeta:
      typescript:
        optional: true

  '@solana/programs@6.0.1':
    resolution: {integrity: sha512-eKsSVuADG/bzTu66iwhJctbIEQQLZVnD/kx98gtPAuNG6Z1WjMXO8tn6EYLn3ndc5yS+oeNSQBV6z3ozL+gTkQ==}
    engines: {node: '>=20.18.0'}
    peerDependencies:
      typescript: ^5.0.0
    peerDependenciesMeta:
      typescript:
        optional: true

  '@solana/promises@6.0.1':
    resolution: {integrity: sha512-6W8yFBtjhwy8Gn7aagXBUjiQejpa+ENgqot2uy3LACQPQMCnd+TwZk9Pggnm5+Q12rm+d9bMvAa4110eoXR0Bw==}
    engines: {node: '>=20.18.0'}
    peerDependencies:
      typescript: ^5.0.0
    peerDependenciesMeta:
      typescript:
        optional: true

  '@solana/rpc-api@6.0.1':
    resolution: {integrity: sha512-lCXPGHx2eF8wl0kdpuDLWX44vdDaTcPTAD9hCIsHQFLWeahJDarieoOacaAuse6TsRtGaPExBvbW6Da555Lnaw==}
    engines: {node: '>=20.18.0'}
    peerDependencies:
      typescript: ^5.0.0
    peerDependenciesMeta:
      typescript:
        optional: true

  '@solana/rpc-parsed-types@6.0.1':
    resolution: {integrity: sha512-2CnWhtJuiOgefU3EerwM1bg/OvmLJTMBUuGiSVoVAr7WfGjUXcoRa3mNO0HUDDoRo2gZwM/8BaFzhiRSbamsmQ==}
    engines: {node: '>=20.18.0'}
    peerDependencies:
      typescript: ^5.0.0
    peerDependenciesMeta:
      typescript:
        optional: true

  '@solana/rpc-spec-types@6.0.1':
    resolution: {integrity: sha512-dosqI9gWs5Cz5T9Uanu4FkMkBN7AD6bRVw0YDIkalRcpC50Ak2iP48fJKArw3lh/phjcxEBVQxY3XeKEVGZP7Q==}
    engines: {node: '>=20.18.0'}
    peerDependencies:
      typescript: ^5.0.0
    peerDependenciesMeta:
      typescript:
        optional: true

  '@solana/rpc-spec@6.0.1':
    resolution: {integrity: sha512-SfZZUCbpiKNHsIAYq9WKd6PhnpXkH8ASRIda9KMkpFtTVg1thm4sA/A/Jpk8vJDpUVvzYLBVblNHQWqwRiRxAA==}
    engines: {node: '>=20.18.0'}
    peerDependencies:
      typescript: ^5.0.0
    peerDependenciesMeta:
      typescript:
        optional: true

  '@solana/rpc-subscriptions-api@6.0.1':
    resolution: {integrity: sha512-yj6niyZ6jqwg4u4oi55gDPzDNwXdgGBuu1zVfUnD6auCavDl4OxziUEtRIQ3NURJZa5kjTqQ48TuR0tD55vfiA==}
    engines: {node: '>=20.18.0'}
    peerDependencies:
      typescript: ^5.0.0
    peerDependenciesMeta:
      typescript:
        optional: true

  '@solana/rpc-subscriptions-channel-websocket@6.0.1':
    resolution: {integrity: sha512-lxjfG+krZF8np69SQyRbmQL8jYNV/G69Ak782GYYfkEdAYztFs9OOQMgZNuciIgUlQAcXWWkNjJ6GhIbisg9NA==}
    engines: {node: '>=20.18.0'}
    peerDependencies:
      typescript: ^5.0.0
    peerDependenciesMeta:
      typescript:
        optional: true

  '@solana/rpc-subscriptions-spec@6.0.1':
    resolution: {integrity: sha512-FhZOXpP71R5y7q0TEvAFNJ+WmxIJUfhQicgae71WQtaiw+vM/dFnT/AL3I9rRBVzF0UQ7wIeqkuVKltdJEdzqQ==}
    engines: {node: '>=20.18.0'}
    peerDependencies:
      typescript: ^5.0.0
    peerDependenciesMeta:
      typescript:
        optional: true

  '@solana/rpc-subscriptions@6.0.1':
    resolution: {integrity: sha512-h2LXD8PiXPZca3vtECmUSEzLjc5m6EswgnJcq+HtJqA0M+xINFRl8mL6yS5D2d1Cf7sl/CwU/7935GJ8uLFeJA==}
    engines: {node: '>=20.18.0'}
    peerDependencies:
      typescript: ^5.0.0
    peerDependenciesMeta:
      typescript:
        optional: true

  '@solana/rpc-transformers@6.0.1':
    resolution: {integrity: sha512-tkyTh5jwK/IZV+jI4plFttG1l43g47YB/laFtxYvu8OZx5RTCljryPh5RamjxGAhFk3w6xnLZJbc3MBk8VrPsQ==}
    engines: {node: '>=20.18.0'}
    peerDependencies:
      typescript: ^5.0.0
    peerDependenciesMeta:
      typescript:
        optional: true

  '@solana/rpc-transport-http@6.0.1':
    resolution: {integrity: sha512-l9TOpQq4cSIhReyzLJb7j+03YaUDClDJOzJr7ZQSo1fqt7Ww6C5+dKOVIUUu6tg9AOO8mCA0QVT/rFmZ9ZjhiQ==}
    engines: {node: '>=20.18.0'}
    peerDependencies:
      typescript: ^5.0.0
    peerDependenciesMeta:
      typescript:
        optional: true

  '@solana/rpc-types@6.0.1':
    resolution: {integrity: sha512-40nXhThKNzh0ih2Pd8ACsIKPgVaP/6OqbLfgcZxPjZ10XjhjMy9crwW1ZF0EPhK8uo+bs9gtztl9OVWWgYYrNQ==}
    engines: {node: '>=20.18.0'}
    peerDependencies:
      typescript: ^5.0.0
    peerDependenciesMeta:
      typescript:
        optional: true

  '@solana/rpc@6.0.1':
    resolution: {integrity: sha512-fuRnm1SNcRLWii6N3WeJL8LSJJDEVEdS+ZDXclUWAPXUccl6wGb99/1tHWeOOwczgk9nmWoTYY9XeOLJt88HSg==}
    engines: {node: '>=20.18.0'}
    peerDependencies:
      typescript: ^5.0.0
    peerDependenciesMeta:
      typescript:
        optional: true

  '@solana/signers@6.0.1':
    resolution: {integrity: sha512-iby4CGjk4pBNqytpyyPK2IGZ8/BMcrdtubVCuSYze2DJE3RdrPkuhVv2A6A6Cfk/0DPfUkqZQtTNMxCOj6oCbw==}
    engines: {node: '>=20.18.0'}
    peerDependencies:
      typescript: ^5.0.0
    peerDependenciesMeta:
      typescript:
        optional: true

  '@solana/subscribable@6.0.1':
    resolution: {integrity: sha512-GGXvRVzOAJlbGwwgOHbcxwT8lILkgrlHYO72ChkG8IbJWq7eTi1+Uz3TQTsXtC923dZ2XHLqp+aHl7Kx3L3ENg==}
    engines: {node: '>=20.18.0'}
    peerDependencies:
      typescript: ^5.0.0
    peerDependenciesMeta:
      typescript:
        optional: true

  '@solana/sysvars@6.0.1':
    resolution: {integrity: sha512-fSMasRQUfbzrhZ3t0XdVpwIezHRelPx3ZxkqyUy8Lx/90YzR1kxaJpmNS7c1pBV60scdiJVQ4vXQtetKxIgRVQ==}
    engines: {node: '>=20.18.0'}
    peerDependencies:
      typescript: ^5.0.0
    peerDependenciesMeta:
      typescript:
        optional: true

  '@solana/transaction-confirmation@6.0.1':
    resolution: {integrity: sha512-x0sXnS75xwchAtQU0UbQ7wBQoWqgUQkn0G4DKQMEGllWGRsJFvpQzuUqAgh5fNhe2sMt8+4QdQHrI01zUNDDtQ==}
    engines: {node: '>=20.18.0'}
    peerDependencies:
      typescript: ^5.0.0
    peerDependenciesMeta:
      typescript:
        optional: true

  '@solana/transaction-messages@6.0.1':
    resolution: {integrity: sha512-lpSyXsFPMCDo5Vf0LLsdj5+WyYxUD+8WEMWuVDYiG/7e8fVjLEsZ6k/UpvyI7ZJnkMhfwEa3DRAubNDH1Biafg==}
    engines: {node: '>=20.18.0'}
    peerDependencies:
      typescript: ^5.0.0
    peerDependenciesMeta:
      typescript:
        optional: true

  '@solana/transactions@6.0.1':
    resolution: {integrity: sha512-VLFug8oKCpEyZv/mMMnQIraupXwMUzO4KzA/kGBHbUnCX95K7UFpc07AFc1nXGbo1jBBO4e+O2cnVWg097Yz0A==}
    engines: {node: '>=20.18.0'}
    peerDependencies:
      typescript: ^5.0.0
    peerDependenciesMeta:
      typescript:
        optional: true

  '@types/node@24.2.1':
    resolution: {integrity: sha512-DRh5K+ka5eJic8CjH7td8QpYEV6Zo10gfRkjHCO3weqZHWDtAaSTFtl4+VMqOJ4N5jcuhZ9/l+yy8rVgw7BQeQ==}

  chalk@5.6.2:
    resolution: {integrity: sha512-7NzBL0rN6fMUW+f7A6Io4h40qQlG+xGmtMxfbnH/K7TAtt8JQWVQK+6g0UXKMeVJoyV5EkkNsErQ8pVD3bLHbA==}
    engines: {node: ^12.17.0 || ^14.13 || >=16.0.0}

  commander@14.0.3:
    resolution: {integrity: sha512-H+y0Jo/T1RZ9qPP4Eh1pkcQcLRglraJaSLoyOtHxu6AapkjWVCy2Sit1QQ4x3Dng8qDlSsZEet7g5Pq06MvTgw==}
    engines: {node: '>=20'}

  dotenv@17.2.1:
    resolution: {integrity: sha512-kQhDYKZecqnM0fCnzI5eIv5L4cAe/iRI+HqMbO/hbRdTAeXDG+M9FjipUxNfbARuEg4iHIbhnhs78BCHNbSxEQ==}
    engines: {node: '>=12'}

  esbuild@0.25.9:
    resolution: {integrity: sha512-CRbODhYyQx3qp7ZEwzxOk4JBqmD/seJrzPa/cGjY1VtIn5E09Oi9/dB4JwctnfZ8Q8iT7rioVv5k/FNT/uf54g==}
    engines: {node: '>=18'}
    hasBin: true

  fastestsmallesttextencoderdecoder@1.0.22:
    resolution: {integrity: sha512-Pb8d48e+oIuY4MaM64Cd7OW1gt4nxCHs7/ddPPZ/Ic3sg8yVGM7O9wDvZ7us6ScaUupzM+pfBolwtYhN1IxBIw==}

  fsevents@2.3.3:
    resolution: {integrity: sha512-5xoDfX+fL7faATnagmWPpbFtwh/R77WmMMqqHGS65C3vvB0YHrgF+B1YmZ3441tMj5n63k0212XNoJwzlhffQw==}
    engines: {node: ^8.16.0 || ^10.6.0 || >=11.0.0}
    os: [darwin]

  get-tsconfig@4.10.1:
    resolution: {integrity: sha512-auHyJ4AgMz7vgS8Hp3N6HXSmlMdUyhSUrfBF16w153rxtLIEOE+HGqaBppczZvnHLqQJfiHotCYpNhl0lUROFQ==}

  resolve-pkg-maps@1.0.0:
    resolution: {integrity: sha512-seS2Tj26TBVOC2NIc2rOe2y2ZO7efxITtLZcGSOnHHNOQ7CkiUBfw0Iw2ck6xkIhPwLhKNLS8BO+hEpngQlqzw==}

  tsx@4.20.5:
    resolution: {integrity: sha512-+wKjMNU9w/EaQayHXb7WA7ZaHY6hN8WgfvHNQ3t1PnU91/7O8TcTnIhCDYTZwnt8JsO9IBqZ30Ln1r7pPF52Aw==}
    engines: {node: '>=18.0.0'}
    hasBin: true

  typescript@5.9.2:
    resolution: {integrity: sha512-CWBzXQrc/qOkhidw1OzBTQuYRbfyxDXJMVJ1XNwUHGROVmuaeiEm3OslpZ1RV96d7SKKjZKrSJu3+t/xlw3R9A==}
    engines: {node: '>=14.17'}
    hasBin: true

  undici-types@7.10.0:
    resolution: {integrity: sha512-t5Fy/nfn+14LuOc2KNYg75vZqClpAiqscVvMygNnlsHBFpSXdJaYtXMcdNLpl/Qvc3P2cB3s6lOV51nqsFq4ag==}

  undici-types@7.21.0:
    resolution: {integrity: sha512-w9IMgQrz4O0YN1LtB7K5P63vhlIOvC7opSmouCJ+ZywlPAlO9gIkJ+otk6LvGpAs2wg4econaCz3TvQ9xPoyuQ==}

  ws@8.19.0:
    resolution: {integrity: sha512-blAT2mjOEIi0ZzruJfIhb3nps74PRWTCz1IjglWEEpQl5XS/UNama6u2/rjFkDDouqr4L67ry+1aGIALViWjDg==}
    engines: {node: '>=10.0.0'}
    peerDependencies:
      bufferutil: ^4.0.1
      utf-8-validate: '>=5.0.2'
    peerDependenciesMeta:
      bufferutil:
        optional: true
      utf-8-validate:
        optional: true

snapshots:

  '@esbuild/aix-ppc64@0.25.9':
    optional: true

  '@esbuild/android-arm64@0.25.9':
    optional: true

  '@esbuild/android-arm@0.25.9':
    optional: true

  '@esbuild/android-x64@0.25.9':
    optional: true

  '@esbuild/darwin-arm64@0.25.9':
    optional: true

  '@esbuild/darwin-x64@0.25.9':
    optional: true

  '@esbuild/freebsd-arm64@0.25.9':
    optional: true

  '@esbuild/freebsd-x64@0.25.9':
    optional: true

  '@esbuild/linux-arm64@0.25.9':
    optional: true

  '@esbuild/linux-arm@0.25.9':
    optional: true

  '@esbuild/linux-ia32@0.25.9':
    optional: true

  '@esbuild/linux-loong64@0.25.9':
    optional: true

  '@esbuild/linux-mips64el@0.25.9':
    optional: true

  '@esbuild/linux-ppc64@0.25.9':
    optional: true

  '@esbuild/linux-riscv64@0.25.9':
    optional: true

  '@esbuild/linux-s390x@0.25.9':
    optional: true

  '@esbuild/linux-x64@0.25.9':
    optional: true

  '@esbuild/netbsd-arm64@0.25.9':
    optional: true

  '@esbuild/netbsd-x64@0.25.9':
    optional: true

  '@esbuild/openbsd-arm64@0.25.9':
    optional: true

  '@esbuild/openbsd-x64@0.25.9':
    optional: true

  '@esbuild/openharmony-arm64@0.25.9':
    optional: true

  '@esbuild/sunos-x64@0.25.9':
    optional: true

  '@esbuild/win32-arm64@0.25.9':
    optional: true

  '@esbuild/win32-ia32@0.25.9':
    optional: true

  '@esbuild/win32-x64@0.25.9':
    optional: true

  '@solana-program/compute-budget@0.13.0(@solana/kit@6.0.1(fastestsmallesttextencoderdecoder@1.0.22)(typescript@5.9.2))':
    dependencies:
      '@solana/kit': 6.0.1(fastestsmallesttextencoderdecoder@1.0.22)(typescript@5.9.2)

  '@solana-program/memo@0.11.0(@solana/kit@6.0.1(fastestsmallesttextencoderdecoder@1.0.22)(typescript@5.9.2))':
    dependencies:
      '@solana/kit': 6.0.1(fastestsmallesttextencoderdecoder@1.0.22)(typescript@5.9.2)

  '@solana-program/system@0.11.0(@solana/kit@6.0.1(fastestsmallesttextencoderdecoder@1.0.22)(typescript@5.9.2))':
    dependencies:
      '@solana/kit': 6.0.1(fastestsmallesttextencoderdecoder@1.0.22)(typescript@5.9.2)

  '@solana-program/token@0.10.0(@solana/kit@6.0.1(fastestsmallesttextencoderdecoder@1.0.22)(typescript@5.9.2))':
    dependencies:
      '@solana/kit': 6.0.1(fastestsmallesttextencoderdecoder@1.0.22)(typescript@5.9.2)

  '@solana/accounts@6.0.1(fastestsmallesttextencoderdecoder@1.0.22)(typescript@5.9.2)':
    dependencies:
      '@solana/addresses': 6.0.1(fastestsmallesttextencoderdecoder@1.0.22)(typescript@5.9.2)
      '@solana/codecs-core': 6.0.1(typescript@5.9.2)
      '@solana/codecs-strings': 6.0.1(fastestsmallesttextencoderdecoder@1.0.22)(typescript@5.9.2)
      '@solana/errors': 6.0.1(typescript@5.9.2)
      '@solana/rpc-spec': 6.0.1(typescript@5.9.2)
      '@solana/rpc-types': 6.0.1(fastestsmallesttextencoderdecoder@1.0.22)(typescript@5.9.2)
    optionalDependencies:
      typescript: 5.9.2
    transitivePeerDependencies:
      - fastestsmallesttextencoderdecoder

  '@solana/addresses@6.0.1(fastestsmallesttextencoderdecoder@1.0.22)(typescript@5.9.2)':
    dependencies:
      '@solana/assertions': 6.0.1(typescript@5.9.2)
      '@solana/codecs-core': 6.0.1(typescript@5.9.2)
      '@solana/codecs-strings': 6.0.1(fastestsmallesttextencoderdecoder@1.0.22)(typescript@5.9.2)
      '@solana/errors': 6.0.1(typescript@5.9.2)
      '@solana/nominal-types': 6.0.1(typescript@5.9.2)
    optionalDependencies:
      typescript: 5.9.2
    transitivePeerDependencies:
      - fastestsmallesttextencoderdecoder

  '@solana/assertions@6.0.1(typescript@5.9.2)':
    dependencies:
      '@solana/errors': 6.0.1(typescript@5.9.2)
    optionalDependencies:
      typescript: 5.9.2

  '@solana/codecs-core@6.0.1(typescript@5.9.2)':
    dependencies:
      '@solana/errors': 6.0.1(typescript@5.9.2)
    optionalDependencies:
      typescript: 5.9.2

  '@solana/codecs-data-structures@6.0.1(typescript@5.9.2)':
    dependencies:
      '@solana/codecs-core': 6.0.1(typescript@5.9.2)
      '@solana/codecs-numbers': 6.0.1(typescript@5.9.2)
      '@solana/errors': 6.0.1(typescript@5.9.2)
    optionalDependencies:
      typescript: 5.9.2

  '@solana/codecs-numbers@6.0.1(typescript@5.9.2)':
    dependencies:
      '@solana/codecs-core': 6.0.1(typescript@5.9.2)
      '@solana/errors': 6.0.1(typescript@5.9.2)
    optionalDependencies:
      typescript: 5.9.2

  '@solana/codecs-strings@6.0.1(fastestsmallesttextencoderdecoder@1.0.22)(typescript@5.9.2)':
    dependencies:
      '@solana/codecs-core': 6.0.1(typescript@5.9.2)
      '@solana/codecs-numbers': 6.0.1(typescript@5.9.2)
      '@solana/errors': 6.0.1(typescript@5.9.2)
    optionalDependencies:
      fastestsmallesttextencoderdecoder: 1.0.22
      typescript: 5.9.2

  '@solana/codecs@6.0.1(fastestsmallesttextencoderdecoder@1.0.22)(typescript@5.9.2)':
    dependencies:
      '@solana/codecs-core': 6.0.1(typescript@5.9.2)
      '@solana/codecs-data-structures': 6.0.1(typescript@5.9.2)
      '@solana/codecs-numbers': 6.0.1(typescript@5.9.2)
      '@solana/codecs-strings': 6.0.1(fastestsmallesttextencoderdecoder@1.0.22)(typescript@5.9.2)
      '@solana/options': 6.0.1(fastestsmallesttextencoderdecoder@1.0.22)(typescript@5.9.2)
    optionalDependencies:
      typescript: 5.9.2
    transitivePeerDependencies:
      - fastestsmallesttextencoderdecoder

  '@solana/errors@6.0.1(typescript@5.9.2)':
    dependencies:
      chalk: 5.6.2
      commander: 14.0.3
    optionalDependencies:
      typescript: 5.9.2

  '@solana/fast-stable-stringify@6.0.1(typescript@5.9.2)':
    optionalDependencies:
      typescript: 5.9.2

  '@solana/functional@6.0.1(typescript@5.9.2)':
    optionalDependencies:
      typescript: 5.9.2

  '@solana/instruction-plans@6.0.1(fastestsmallesttextencoderdecoder@1.0.22)(typescript@5.9.2)':
    dependencies:
      '@solana/errors': 6.0.1(typescript@5.9.2)
      '@solana/instructions': 6.0.1(typescript@5.9.2)
      '@solana/keys': 6.0.1(fastestsmallesttextencoderdecoder@1.0.22)(typescript@5.9.2)
      '@solana/promises': 6.0.1(typescript@5.9.2)
      '@solana/transaction-messages': 6.0.1(fastestsmallesttextencoderdecoder@1.0.22)(typescript@5.9.2)
      '@solana/transactions': 6.0.1(fastestsmallesttextencoderdecoder@1.0.22)(typescript@5.9.2)
    optionalDependencies:
      typescript: 5.9.2
    transitivePeerDependencies:
      - fastestsmallesttextencoderdecoder

  '@solana/instructions@6.0.1(typescript@5.9.2)':
    dependencies:
      '@solana/codecs-core': 6.0.1(typescript@5.9.2)
      '@solana/errors': 6.0.1(typescript@5.9.2)
    optionalDependencies:
      typescript: 5.9.2

  '@solana/keys@6.0.1(fastestsmallesttextencoderdecoder@1.0.22)(typescript@5.9.2)':
    dependencies:
      '@solana/assertions': 6.0.1(typescript@5.9.2)
      '@solana/codecs-core': 6.0.1(typescript@5.9.2)
      '@solana/codecs-strings': 6.0.1(fastestsmallesttextencoderdecoder@1.0.22)(typescript@5.9.2)
      '@solana/errors': 6.0.1(typescript@5.9.2)
      '@solana/nominal-types': 6.0.1(typescript@5.9.2)
    optionalDependencies:
      typescript: 5.9.2
    transitivePeerDependencies:
      - fastestsmallesttextencoderdecoder

  '@solana/kit@6.0.1(fastestsmallesttextencoderdecoder@1.0.22)(typescript@5.9.2)':
    dependencies:
      '@solana/accounts': 6.0.1(fastestsmallesttextencoderdecoder@1.0.22)(typescript@5.9.2)
      '@solana/addresses': 6.0.1(fastestsmallesttextencoderdecoder@1.0.22)(typescript@5.9.2)
      '@solana/codecs': 6.0.1(fastestsmallesttextencoderdecoder@1.0.22)(typescript@5.9.2)
      '@solana/errors': 6.0.1(typescript@5.9.2)
      '@solana/functional': 6.0.1(typescript@5.9.2)
      '@solana/instruction-plans': 6.0.1(fastestsmallesttextencoderdecoder@1.0.22)(typescript@5.9.2)
      '@solana/instructions': 6.0.1(typescript@5.9.2)
      '@solana/keys': 6.0.1(fastestsmallesttextencoderdecoder@1.0.22)(typescript@5.9.2)
      '@solana/offchain-messages': 6.0.1(fastestsmallesttextencoderdecoder@1.0.22)(typescript@5.9.2)
      '@solana/plugin-core': 6.0.1(typescript@5.9.2)
      '@solana/programs': 6.0.1(fastestsmallesttextencoderdecoder@1.0.22)(typescript@5.9.2)
      '@solana/rpc': 6.0.1(fastestsmallesttextencoderdecoder@1.0.22)(typescript@5.9.2)
      '@solana/rpc-api': 6.0.1(fastestsmallesttextencoderdecoder@1.0.22)(typescript@5.9.2)
      '@solana/rpc-parsed-types': 6.0.1(typescript@5.9.2)
      '@solana/rpc-spec-types': 6.0.1(typescript@5.9.2)
      '@solana/rpc-subscriptions': 6.0.1(fastestsmallesttextencoderdecoder@1.0.22)(typescript@5.9.2)
      '@solana/rpc-types': 6.0.1(fastestsmallesttextencoderdecoder@1.0.22)(typescript@5.9.2)
      '@solana/signers': 6.0.1(fastestsmallesttextencoderdecoder@1.0.22)(typescript@5.9.2)
      '@solana/sysvars': 6.0.1(fastestsmallesttextencoderdecoder@1.0.22)(typescript@5.9.2)
      '@solana/transaction-confirmation': 6.0.1(fastestsmallesttextencoderdecoder@1.0.22)(typescript@5.9.2)
      '@solana/transaction-messages': 6.0.1(fastestsmallesttextencoderdecoder@1.0.22)(typescript@5.9.2)
      '@solana/transactions': 6.0.1(fastestsmallesttextencoderdecoder@1.0.22)(typescript@5.9.2)
    optionalDependencies:
      typescript: 5.9.2
    transitivePeerDependencies:
      - bufferutil
      - fastestsmallesttextencoderdecoder
      - utf-8-validate

  '@solana/kora@0.1.2(@solana-program/token@0.10.0(@solana/kit@6.0.1(fastestsmallesttextencoderdecoder@1.0.22)(typescript@5.9.2)))(@solana/kit@6.0.1(fastestsmallesttextencoderdecoder@1.0.22)(typescript@5.9.2))':
    dependencies:
      '@solana-program/token': 0.10.0(@solana/kit@6.0.1(fastestsmallesttextencoderdecoder@1.0.22)(typescript@5.9.2))
      '@solana/kit': 6.0.1(fastestsmallesttextencoderdecoder@1.0.22)(typescript@5.9.2)

  '@solana/nominal-types@6.0.1(typescript@5.9.2)':
    optionalDependencies:
      typescript: 5.9.2

  '@solana/offchain-messages@6.0.1(fastestsmallesttextencoderdecoder@1.0.22)(typescript@5.9.2)':
    dependencies:
      '@solana/addresses': 6.0.1(fastestsmallesttextencoderdecoder@1.0.22)(typescript@5.9.2)
      '@solana/codecs-core': 6.0.1(typescript@5.9.2)
      '@solana/codecs-data-structures': 6.0.1(typescript@5.9.2)
      '@solana/codecs-numbers': 6.0.1(typescript@5.9.2)
      '@solana/codecs-strings': 6.0.1(fastestsmallesttextencoderdecoder@1.0.22)(typescript@5.9.2)
      '@solana/errors': 6.0.1(typescript@5.9.2)
      '@solana/keys': 6.0.1(fastestsmallesttextencoderdecoder@1.0.22)(typescript@5.9.2)
      '@solana/nominal-types': 6.0.1(typescript@5.9.2)
    optionalDependencies:
      typescript: 5.9.2
    transitivePeerDependencies:
      - fastestsmallesttextencoderdecoder

  '@solana/options@6.0.1(fastestsmallesttextencoderdecoder@1.0.22)(typescript@5.9.2)':
    dependencies:
      '@solana/codecs-core': 6.0.1(typescript@5.9.2)
      '@solana/codecs-data-structures': 6.0.1(typescript@5.9.2)
      '@solana/codecs-numbers': 6.0.1(typescript@5.9.2)
      '@solana/codecs-strings': 6.0.1(fastestsmallesttextencoderdecoder@1.0.22)(typescript@5.9.2)
      '@solana/errors': 6.0.1(typescript@5.9.2)
    optionalDependencies:
      typescript: 5.9.2
    transitivePeerDependencies:
      - fastestsmallesttextencoderdecoder

  '@solana/plugin-core@6.0.1(typescript@5.9.2)':
    optionalDependencies:
      typescript: 5.9.2

  '@solana/programs@6.0.1(fastestsmallesttextencoderdecoder@1.0.22)(typescript@5.9.2)':
    dependencies:
      '@solana/addresses': 6.0.1(fastestsmallesttextencoderdecoder@1.0.22)(typescript@5.9.2)
      '@solana/errors': 6.0.1(typescript@5.9.2)
    optionalDependencies:
      typescript: 5.9.2
    transitivePeerDependencies:
      - fastestsmallesttextencoderdecoder

  '@solana/promises@6.0.1(typescript@5.9.2)':
    optionalDependencies:
      typescript: 5.9.2

  '@solana/rpc-api@6.0.1(fastestsmallesttextencoderdecoder@1.0.22)(typescript@5.9.2)':
    dependencies:
      '@solana/addresses': 6.0.1(fastestsmallesttextencoderdecoder@1.0.22)(typescript@5.9.2)
      '@solana/codecs-core': 6.0.1(typescript@5.9.2)
      '@solana/codecs-strings': 6.0.1(fastestsmallesttextencoderdecoder@1.0.22)(typescript@5.9.2)
      '@solana/errors': 6.0.1(typescript@5.9.2)
      '@solana/keys': 6.0.1(fastestsmallesttextencoderdecoder@1.0.22)(typescript@5.9.2)
      '@solana/rpc-parsed-types': 6.0.1(typescript@5.9.2)
      '@solana/rpc-spec': 6.0.1(typescript@5.9.2)
      '@solana/rpc-transformers': 6.0.1(fastestsmallesttextencoderdecoder@1.0.22)(typescript@5.9.2)
      '@solana/rpc-types': 6.0.1(fastestsmallesttextencoderdecoder@1.0.22)(typescript@5.9.2)
      '@solana/transaction-messages': 6.0.1(fastestsmallesttextencoderdecoder@1.0.22)(typescript@5.9.2)
      '@solana/transactions': 6.0.1(fastestsmallesttextencoderdecoder@1.0.22)(typescript@5.9.2)
    optionalDependencies:
      typescript: 5.9.2
    transitivePeerDependencies:
      - fastestsmallesttextencoderdecoder

  '@solana/rpc-parsed-types@6.0.1(typescript@5.9.2)':
    optionalDependencies:
      typescript: 5.9.2

  '@solana/rpc-spec-types@6.0.1(typescript@5.9.2)':
    optionalDependencies:
      typescript: 5.9.2

  '@solana/rpc-spec@6.0.1(typescript@5.9.2)':
    dependencies:
      '@solana/errors': 6.0.1(typescript@5.9.2)
      '@solana/rpc-spec-types': 6.0.1(typescript@5.9.2)
    optionalDependencies:
      typescript: 5.9.2

  '@solana/rpc-subscriptions-api@6.0.1(fastestsmallesttextencoderdecoder@1.0.22)(typescript@5.9.2)':
    dependencies:
      '@solana/addresses': 6.0.1(fastestsmallesttextencoderdecoder@1.0.22)(typescript@5.9.2)
      '@solana/keys': 6.0.1(fastestsmallesttextencoderdecoder@1.0.22)(typescript@5.9.2)
      '@solana/rpc-subscriptions-spec': 6.0.1(typescript@5.9.2)
      '@solana/rpc-transformers': 6.0.1(fastestsmallesttextencoderdecoder@1.0.22)(typescript@5.9.2)
      '@solana/rpc-types': 6.0.1(fastestsmallesttextencoderdecoder@1.0.22)(typescript@5.9.2)
      '@solana/transaction-messages': 6.0.1(fastestsmallesttextencoderdecoder@1.0.22)(typescript@5.9.2)
      '@solana/transactions': 6.0.1(fastestsmallesttextencoderdecoder@1.0.22)(typescript@5.9.2)
    optionalDependencies:
      typescript: 5.9.2
    transitivePeerDependencies:
      - fastestsmallesttextencoderdecoder

  '@solana/rpc-subscriptions-channel-websocket@6.0.1(typescript@5.9.2)':
    dependencies:
      '@solana/errors': 6.0.1(typescript@5.9.2)
      '@solana/functional': 6.0.1(typescript@5.9.2)
      '@solana/rpc-subscriptions-spec': 6.0.1(typescript@5.9.2)
      '@solana/subscribable': 6.0.1(typescript@5.9.2)
      ws: 8.19.0
    optionalDependencies:
      typescript: 5.9.2
    transitivePeerDependencies:
      - bufferutil
      - utf-8-validate

  '@solana/rpc-subscriptions-spec@6.0.1(typescript@5.9.2)':
    dependencies:
      '@solana/errors': 6.0.1(typescript@5.9.2)
      '@solana/promises': 6.0.1(typescript@5.9.2)
      '@solana/rpc-spec-types': 6.0.1(typescript@5.9.2)
      '@solana/subscribable': 6.0.1(typescript@5.9.2)
    optionalDependencies:
      typescript: 5.9.2

  '@solana/rpc-subscriptions@6.0.1(fastestsmallesttextencoderdecoder@1.0.22)(typescript@5.9.2)':
    dependencies:
      '@solana/errors': 6.0.1(typescript@5.9.2)
      '@solana/fast-stable-stringify': 6.0.1(typescript@5.9.2)
      '@solana/functional': 6.0.1(typescript@5.9.2)
      '@solana/promises': 6.0.1(typescript@5.9.2)
      '@solana/rpc-spec-types': 6.0.1(typescript@5.9.2)
      '@solana/rpc-subscriptions-api': 6.0.1(fastestsmallesttextencoderdecoder@1.0.22)(typescript@5.9.2)
      '@solana/rpc-subscriptions-channel-websocket': 6.0.1(typescript@5.9.2)
      '@solana/rpc-subscriptions-spec': 6.0.1(typescript@5.9.2)
      '@solana/rpc-transformers': 6.0.1(fastestsmallesttextencoderdecoder@1.0.22)(typescript@5.9.2)
      '@solana/rpc-types': 6.0.1(fastestsmallesttextencoderdecoder@1.0.22)(typescript@5.9.2)
      '@solana/subscribable': 6.0.1(typescript@5.9.2)
    optionalDependencies:
      typescript: 5.9.2
    transitivePeerDependencies:
      - bufferutil
      - fastestsmallesttextencoderdecoder
      - utf-8-validate

  '@solana/rpc-transformers@6.0.1(fastestsmallesttextencoderdecoder@1.0.22)(typescript@5.9.2)':
    dependencies:
      '@solana/errors': 6.0.1(typescript@5.9.2)
      '@solana/functional': 6.0.1(typescript@5.9.2)
      '@solana/nominal-types': 6.0.1(typescript@5.9.2)
      '@solana/rpc-spec-types': 6.0.1(typescript@5.9.2)
      '@solana/rpc-types': 6.0.1(fastestsmallesttextencoderdecoder@1.0.22)(typescript@5.9.2)
    optionalDependencies:
      typescript: 5.9.2
    transitivePeerDependencies:
      - fastestsmallesttextencoderdecoder

  '@solana/rpc-transport-http@6.0.1(typescript@5.9.2)':
    dependencies:
      '@solana/errors': 6.0.1(typescript@5.9.2)
      '@solana/rpc-spec': 6.0.1(typescript@5.9.2)
      '@solana/rpc-spec-types': 6.0.1(typescript@5.9.2)
      undici-types: 7.21.0
    optionalDependencies:
      typescript: 5.9.2

  '@solana/rpc-types@6.0.1(fastestsmallesttextencoderdecoder@1.0.22)(typescript@5.9.2)':
    dependencies:
      '@solana/addresses': 6.0.1(fastestsmallesttextencoderdecoder@1.0.22)(typescript@5.9.2)
      '@solana/codecs-core': 6.0.1(typescript@5.9.2)
      '@solana/codecs-numbers': 6.0.1(typescript@5.9.2)
      '@solana/codecs-strings': 6.0.1(fastestsmallesttextencoderdecoder@1.0.22)(typescript@5.9.2)
      '@solana/errors': 6.0.1(typescript@5.9.2)
      '@solana/nominal-types': 6.0.1(typescript@5.9.2)
    optionalDependencies:
      typescript: 5.9.2
    transitivePeerDependencies:
      - fastestsmallesttextencoderdecoder

  '@solana/rpc@6.0.1(fastestsmallesttextencoderdecoder@1.0.22)(typescript@5.9.2)':
    dependencies:
      '@solana/errors': 6.0.1(typescript@5.9.2)
      '@solana/fast-stable-stringify': 6.0.1(typescript@5.9.2)
      '@solana/functional': 6.0.1(typescript@5.9.2)
      '@solana/rpc-api': 6.0.1(fastestsmallesttextencoderdecoder@1.0.22)(typescript@5.9.2)
      '@solana/rpc-spec': 6.0.1(typescript@5.9.2)
      '@solana/rpc-spec-types': 6.0.1(typescript@5.9.2)
      '@solana/rpc-transformers': 6.0.1(fastestsmallesttextencoderdecoder@1.0.22)(typescript@5.9.2)
      '@solana/rpc-transport-http': 6.0.1(typescript@5.9.2)
      '@solana/rpc-types': 6.0.1(fastestsmallesttextencoderdecoder@1.0.22)(typescript@5.9.2)
    optionalDependencies:
      typescript: 5.9.2
    transitivePeerDependencies:
      - fastestsmallesttextencoderdecoder

  '@solana/signers@6.0.1(fastestsmallesttextencoderdecoder@1.0.22)(typescript@5.9.2)':
    dependencies:
      '@solana/addresses': 6.0.1(fastestsmallesttextencoderdecoder@1.0.22)(typescript@5.9.2)
      '@solana/codecs-core': 6.0.1(typescript@5.9.2)
      '@solana/errors': 6.0.1(typescript@5.9.2)
      '@solana/instructions': 6.0.1(typescript@5.9.2)
      '@solana/keys': 6.0.1(fastestsmallesttextencoderdecoder@1.0.22)(typescript@5.9.2)
      '@solana/nominal-types': 6.0.1(typescript@5.9.2)
      '@solana/offchain-messages': 6.0.1(fastestsmallesttextencoderdecoder@1.0.22)(typescript@5.9.2)
      '@solana/transaction-messages': 6.0.1(fastestsmallesttextencoderdecoder@1.0.22)(typescript@5.9.2)
      '@solana/transactions': 6.0.1(fastestsmallesttextencoderdecoder@1.0.22)(typescript@5.9.2)
    optionalDependencies:
      typescript: 5.9.2
    transitivePeerDependencies:
      - fastestsmallesttextencoderdecoder

  '@solana/subscribable@6.0.1(typescript@5.9.2)':
    dependencies:
      '@solana/errors': 6.0.1(typescript@5.9.2)
    optionalDependencies:
      typescript: 5.9.2

  '@solana/sysvars@6.0.1(fastestsmallesttextencoderdecoder@1.0.22)(typescript@5.9.2)':
    dependencies:
      '@solana/accounts': 6.0.1(fastestsmallesttextencoderdecoder@1.0.22)(typescript@5.9.2)
      '@solana/codecs': 6.0.1(fastestsmallesttextencoderdecoder@1.0.22)(typescript@5.9.2)
      '@solana/errors': 6.0.1(typescript@5.9.2)
      '@solana/rpc-types': 6.0.1(fastestsmallesttextencoderdecoder@1.0.22)(typescript@5.9.2)
    optionalDependencies:
      typescript: 5.9.2
    transitivePeerDependencies:
      - fastestsmallesttextencoderdecoder

  '@solana/transaction-confirmation@6.0.1(fastestsmallesttextencoderdecoder@1.0.22)(typescript@5.9.2)':
    dependencies:
      '@solana/addresses': 6.0.1(fastestsmallesttextencoderdecoder@1.0.22)(typescript@5.9.2)
      '@solana/codecs-strings': 6.0.1(fastestsmallesttextencoderdecoder@1.0.22)(typescript@5.9.2)
      '@solana/errors': 6.0.1(typescript@5.9.2)
      '@solana/keys': 6.0.1(fastestsmallesttextencoderdecoder@1.0.22)(typescript@5.9.2)
      '@solana/promises': 6.0.1(typescript@5.9.2)
      '@solana/rpc': 6.0.1(fastestsmallesttextencoderdecoder@1.0.22)(typescript@5.9.2)
      '@solana/rpc-subscriptions': 6.0.1(fastestsmallesttextencoderdecoder@1.0.22)(typescript@5.9.2)
      '@solana/rpc-types': 6.0.1(fastestsmallesttextencoderdecoder@1.0.22)(typescript@5.9.2)
      '@solana/transaction-messages': 6.0.1(fastestsmallesttextencoderdecoder@1.0.22)(typescript@5.9.2)
      '@solana/transactions': 6.0.1(fastestsmallesttextencoderdecoder@1.0.22)(typescript@5.9.2)
    optionalDependencies:
      typescript: 5.9.2
    transitivePeerDependencies:
      - bufferutil
      - fastestsmallesttextencoderdecoder
      - utf-8-validate

  '@solana/transaction-messages@6.0.1(fastestsmallesttextencoderdecoder@1.0.22)(typescript@5.9.2)':
    dependencies:
      '@solana/addresses': 6.0.1(fastestsmallesttextencoderdecoder@1.0.22)(typescript@5.9.2)
      '@solana/codecs-core': 6.0.1(typescript@5.9.2)
      '@solana/codecs-data-structures': 6.0.1(typescript@5.9.2)
      '@solana/codecs-numbers': 6.0.1(typescript@5.9.2)
      '@solana/errors': 6.0.1(typescript@5.9.2)
      '@solana/functional': 6.0.1(typescript@5.9.2)
      '@solana/instructions': 6.0.1(typescript@5.9.2)
      '@solana/nominal-types': 6.0.1(typescript@5.9.2)
      '@solana/rpc-types': 6.0.1(fastestsmallesttextencoderdecoder@1.0.22)(typescript@5.9.2)
    optionalDependencies:
      typescript: 5.9.2
    transitivePeerDependencies:
      - fastestsmallesttextencoderdecoder

  '@solana/transactions@6.0.1(fastestsmallesttextencoderdecoder@1.0.22)(typescript@5.9.2)':
    dependencies:
      '@solana/addresses': 6.0.1(fastestsmallesttextencoderdecoder@1.0.22)(typescript@5.9.2)
      '@solana/codecs-core': 6.0.1(typescript@5.9.2)
      '@solana/codecs-data-structures': 6.0.1(typescript@5.9.2)
      '@solana/codecs-numbers': 6.0.1(typescript@5.9.2)
      '@solana/codecs-strings': 6.0.1(fastestsmallesttextencoderdecoder@1.0.22)(typescript@5.9.2)
      '@solana/errors': 6.0.1(typescript@5.9.2)
      '@solana/functional': 6.0.1(typescript@5.9.2)
      '@solana/instructions': 6.0.1(typescript@5.9.2)
      '@solana/keys': 6.0.1(fastestsmallesttextencoderdecoder@1.0.22)(typescript@5.9.2)
      '@solana/nominal-types': 6.0.1(typescript@5.9.2)
      '@solana/rpc-types': 6.0.1(fastestsmallesttextencoderdecoder@1.0.22)(typescript@5.9.2)
      '@solana/transaction-messages': 6.0.1(fastestsmallesttextencoderdecoder@1.0.22)(typescript@5.9.2)
    optionalDependencies:
      typescript: 5.9.2
    transitivePeerDependencies:
      - fastestsmallesttextencoderdecoder

  '@types/node@24.2.1':
    dependencies:
      undici-types: 7.10.0

  chalk@5.6.2: {}

  commander@14.0.3: {}

  dotenv@17.2.1: {}

  esbuild@0.25.9:
    optionalDependencies:
      '@esbuild/aix-ppc64': 0.25.9
      '@esbuild/android-arm': 0.25.9
      '@esbuild/android-arm64': 0.25.9
      '@esbuild/android-x64': 0.25.9
      '@esbuild/darwin-arm64': 0.25.9
      '@esbuild/darwin-x64': 0.25.9
      '@esbuild/freebsd-arm64': 0.25.9
      '@esbuild/freebsd-x64': 0.25.9
      '@esbuild/linux-arm': 0.25.9
      '@esbuild/linux-arm64': 0.25.9
      '@esbuild/linux-ia32': 0.25.9
      '@esbuild/linux-loong64': 0.25.9
      '@esbuild/linux-mips64el': 0.25.9
      '@esbuild/linux-ppc64': 0.25.9
      '@esbuild/linux-riscv64': 0.25.9
      '@esbuild/linux-s390x': 0.25.9
      '@esbuild/linux-x64': 0.25.9
      '@esbuild/netbsd-arm64': 0.25.9
      '@esbuild/netbsd-x64': 0.25.9
      '@esbuild/openbsd-arm64': 0.25.9
      '@esbuild/openbsd-x64': 0.25.9
      '@esbuild/openharmony-arm64': 0.25.9
      '@esbuild/sunos-x64': 0.25.9
      '@esbuild/win32-arm64': 0.25.9
      '@esbuild/win32-ia32': 0.25.9
      '@esbuild/win32-x64': 0.25.9

  fastestsmallesttextencoderdecoder@1.0.22:
    optional: true

  fsevents@2.3.3:
    optional: true

  get-tsconfig@4.10.1:
    dependencies:
      resolve-pkg-maps: 1.0.0

  resolve-pkg-maps@1.0.0: {}

  tsx@4.20.5:
    dependencies:
      esbuild: 0.25.9
      get-tsconfig: 4.10.1
    optionalDependencies:
      fsevents: 2.3.3

  typescript@5.9.2: {}

  undici-types@7.10.0: {}

  undici-types@7.21.0: {}

  ws@8.19.0: {}
